{
  "nodes": {
    "nixpkgs": {
      "locked": {
        "lastModified": 1623351542,
        "narHash": "sha256-c/m6tD4VqnbTRV+EJJ/iJBsSOkCW38YkedyzAAuBphs=",
        "owner": "nixos",
        "repo": "nixpkgs",
        "rev": "231132170902a5d36c8b2f7447528496ee616e6e",
        "type": "github"
      },
      "original": {
        "owner": "nixos",
        "ref": "nixos-21.05-small",
        "repo": "nixpkgs",
        "type": "github"
      }
    },
    "root": {
      "inputs": {
        "nixpkgs": "nixpkgs"
      }
    }
  },
  "root": "root",
  "version": 7
}
